
Microsoft Visual Studio Solution File, Format Version 12.00
# Visual Studio Version 17
VisualStudioVersion = 17.0.31903.59
MinimumVisualStudioVersion = 10.0.40219.1
Project("{2150E333-8FDC-42A3-9474-1A3956D46DE8}") = "src", "src", "{827E0CD3-B72D-47B6-A68D-7590B98EB39B}"
EndProject
Project("{FAE04EC0-301F-11D3-BF4B-00C04F79EFBC}") = "SailsEnergy.Domain", "src\SailsEnergy.Domain\SailsEnergy.Domain.csproj", "{5819FD5D-D8F3-4BC1-BFCE-C996357D6635}"
EndProject
Project("{FAE04EC0-301F-11D3-BF4B-00C04F79EFBC}") = "SailsEnergy.Application", "src\SailsEnergy.Application\SailsEnergy.Application.csproj", "{4294BAAC-679D-4C1C-8B56-698446B69BB0}"
EndProject
Project("{FAE04EC0-301F-11D3-BF4B-00C04F79EFBC}") = "SailsEnergy.Infrastructure", "src\SailsEnergy.Infrastructure\SailsEnergy.Infrastructure.csproj", "{BCC12D75-BE7D-442D-AF0E-930C0802B1D1}"
EndProject
Project("{FAE04EC0-301F-11D3-BF4B-00C04F79EFBC}") = "SailsEnergy.Api", "src\SailsEnergy.Api\SailsEnergy.Api.csproj", "{3690BE7F-D813-4AE6-8D30-4F0013BA041A}"
EndProject
Project("{FAE04EC0-301F-11D3-BF4B-00C04F79EFBC}") = "SailsEnergy.AppHost", "src\SailsEnergy.AppHost\SailsEnergy.AppHost.csproj", "{EFF0568B-D981-45AF-AC20-02CC67DFC920}"
EndProject
Project("{FAE04EC0-301F-11D3-BF4B-00C04F79EFBC}") = "SailsEnergy.ServiceDefaults", "src\SailsEnergy.ServiceDefaults\SailsEnergy.ServiceDefaults.csproj", "{EEE48599-6707-4F1E-846B-F18FAF072780}"
EndProject
Project("{2150E333-8FDC-42A3-9474-1A3956D46DE8}") = "tests", "tests", "{0AB3BF05-4346-4AA6-1389-037BE0695223}"
EndProject
Project("{FAE04EC0-301F-11D3-BF4B-00C04F79EFBC}") = "SailsEnergy.Domain.Tests", "tests\SailsEnergy.Domain.Tests\SailsEnergy.Domain.Tests.csproj", "{AEEB907B-E560-45F1-9C9E-508BA657A337}"
EndProject
Project("{FAE04EC0-301F-11D3-BF4B-00C04F79EFBC}") = "SailsEnergy.Architecture.Tests", "tests\SailsEnergy.Architecture.Tests\SailsEnergy.Architecture.Tests.csproj", "{9358A04C-E7D8-4475-8BAF-29DB9171EE5E}"
EndProject
Global
	GlobalSection(SolutionConfigurationPlatforms) = preSolution
		Debug|Any CPU = Debug|Any CPU
		Debug|x64 = Debug|x64
		Debug|x86 = Debug|x86
		Release|Any CPU = Release|Any CPU
		Release|x64 = Release|x64
		Release|x86 = Release|x86
	EndGlobalSection
	GlobalSection(ProjectConfigurationPlatforms) = postSolution
		{5819FD5D-D8F3-4BC1-BFCE-C996357D6635}.Debug|Any CPU.ActiveCfg = Debug|Any CPU
		{5819FD5D-D8F3-4BC1-BFCE-C996357D6635}.Debug|Any CPU.Build.0 = Debug|Any CPU
		{5819FD5D-D8F3-4BC1-BFCE-C996357D6635}.Debug|x64.ActiveCfg = Debug|Any CPU
		{5819FD5D-D8F3-4BC1-BFCE-C996357D6635}.Debug|x64.Build.0 = Debug|Any CPU
		{5819FD5D-D8F3-4BC1-BFCE-C996357D6635}.Debug|x86.ActiveCfg = Debug|Any CPU
		{5819FD5D-D8F3-4BC1-BFCE-C996357D6635}.Debug|x86.Build.0 = Debug|Any CPU
		{5819FD5D-D8F3-4BC1-BFCE-C996357D6635}.Release|Any CPU.ActiveCfg = Release|Any CPU
		{5819FD5D-D8F3-4BC1-BFCE-C996357D6635}.Release|Any CPU.Build.0 = Release|Any CPU
		{5819FD5D-D8F3-4BC1-BFCE-C996357D6635}.Release|x64.ActiveCfg = Release|Any CPU
		{5819FD5D-D8F3-4BC1-BFCE-C996357D6635}.Release|x64.Build.0 = Release|Any CPU
		{5819FD5D-D8F3-4BC1-BFCE-C996357D6635}.Release|x86.ActiveCfg = Release|Any CPU
		{5819FD5D-D8F3-4BC1-BFCE-C996357D6635}.Release|x86.Build.0 = Release|Any CPU
		{4294BAAC-679D-4C1C-8B56-698446B69BB0}.Debug|Any CPU.ActiveCfg = Debug|Any CPU
		{4294BAAC-679D-4C1C-8B56-698446B69BB0}.Debug|Any CPU.Build.0 = Debug|Any CPU
		{4294BAAC-679D-4C1C-8B56-698446B69BB0}.Debug|x64.ActiveCfg = Debug|Any CPU
		{4294BAAC-679D-4C1C-8B56-698446B69BB0}.Debug|x64.Build.0 = Debug|Any CPU
		{4294BAAC-679D-4C1C-8B56-698446B69BB0}.Debug|x86.ActiveCfg = Debug|Any CPU
		{4294BAAC-679D-4C1C-8B56-698446B69BB0}.Debug|x86.Build.0 = Debug|Any CPU
		{4294BAAC-679D-4C1C-8B56-698446B69BB0}.Release|Any CPU.ActiveCfg = Release|Any CPU
		{4294BAAC-679D-4C1C-8B56-698446B69BB0}.Release|Any CPU.Build.0 = Release|Any CPU
		{4294BAAC-679D-4C1C-8B56-698446B69BB0}.Release|x64.ActiveCfg = Release|Any CPU
		{4294BAAC-679D-4C1C-8B56-698446B69BB0}.Release|x64.Build.0 = Release|Any CPU
		{4294BAAC-679D-4C1C-8B56-698446B69BB0}.Release|x86.ActiveCfg = Release|Any CPU
		{4294BAAC-679D-4C1C-8B56-698446B69BB0}.Release|x86.Build.0 = Release|Any CPU
		{BCC12D75-BE7D-442D-AF0E-930C0802B1D1}.Debug|Any CPU.ActiveCfg = Debug|Any CPU
		{BCC12D75-BE7D-442D-AF0E-930C0802B1D1}.Debug|Any CPU.Build.0 = Debug|Any CPU
		{BCC12D75-BE7D-442D-AF0E-930C0802B1D1}.Debug|x64.ActiveCfg = Debug|Any CPU
		{BCC12D75-BE7D-442D-AF0E-930C0802B1D1}.Debug|x64.Build.0 = Debug|Any CPU
		{BCC12D75-BE7D-442D-AF0E-930C0802B1D1}.Debug|x86.ActiveCfg = Debug|Any CPU
		{BCC12D75-BE7D-442D-AF0E-930C0802B1D1}.Debug|x86.Build.0 = Debug|Any CPU
		{BCC12D75-BE7D-442D-AF0E-930C0802B1D1}.Release|Any CPU.ActiveCfg = Release|Any CPU
		{BCC12D75-BE7D-442D-AF0E-930C0802B1D1}.Release|Any CPU.Build.0 = Release|Any CPU
		{BCC12D75-BE7D-442D-AF0E-930C0802B1D1}.Release|x64.ActiveCfg = Release|Any CPU
		{BCC12D75-BE7D-442D-AF0E-930C0802B1D1}.Release|x64.Build.0 = Release|Any CPU
		{BCC12D75-BE7D-442D-AF0E-930C0802B1D1}.Release|x86.ActiveCfg = Release|Any CPU
		{BCC12D75-BE7D-442D-AF0E-930C0802B1D1}.Release|x86.Build.0 = Release|Any CPU
		{3690BE7F-D813-4AE6-8D30-4F0013BA041A}.Debug|Any CPU.ActiveCfg = Debug|Any CPU
		{3690BE7F-D813-4AE6-8D30-4F0013BA041A}.Debug|Any CPU.Build.0 = Debug|Any CPU
		{3690BE7F-D813-4AE6-8D30-4F0013BA041A}.Debug|x64.ActiveCfg = Debug|Any CPU
		{3690BE7F-D813-4AE6-8D30-4F0013BA041A}.Debug|x64.Build.0 = Debug|Any CPU
		{3690BE7F-D813-4AE6-8D30-4F0013BA041A}.Debug|x86.ActiveCfg = Debug|Any CPU
		{3690BE7F-D813-4AE6-8D30-4F0013BA041A}.Debug|x86.Build.0 = Debug|Any CPU
		{3690BE7F-D813-4AE6-8D30-4F0013BA041A}.Release|Any CPU.ActiveCfg = Release|Any CPU
		{3690BE7F-D813-4AE6-8D30-4F0013BA041A}.Release|Any CPU.Build.0 = Release|Any CPU
		{3690BE7F-D813-4AE6-8D30-4F0013BA041A}.Release|x64.ActiveCfg = Release|Any CPU
		{3690BE7F-D813-4AE6-8D30-4F0013BA041A}.Release|x64.Build.0 = Release|Any CPU
		{3690BE7F-D813-4AE6-8D30-4F0013BA041A}.Release|x86.ActiveCfg = Release|Any CPU
		{3690BE7F-D813-4AE6-8D30-4F0013BA041A}.Release|x86.Build.0 = Release|Any CPU
		{EFF0568B-D981-45AF-AC20-02CC67DFC920}.Debug|Any CPU.ActiveCfg = Debug|Any CPU
		{EFF0568B-D981-45AF-AC20-02CC67DFC920}.Debug|Any CPU.Build.0 = Debug|Any CPU
		{EFF0568B-D981-45AF-AC20-02CC67DFC920}.Debug|x64.ActiveCfg = Debug|Any CPU
		{EFF0568B-D981-45AF-AC20-02CC67DFC920}.Debug|x64.Build.0 = Debug|Any CPU
		{EFF0568B-D981-45AF-AC20-02CC67DFC920}.Debug|x86.ActiveCfg = Debug|Any CPU
		{EFF0568B-D981-45AF-AC20-02CC67DFC920}.Debug|x86.Build.0 = Debug|Any CPU
		{EFF0568B-D981-45AF-AC20-02CC67DFC920}.Release|Any CPU.ActiveCfg = Release|Any CPU
		{EFF0568B-D981-45AF-AC20-02CC67DFC920}.Release|Any CPU.Build.0 = Release|Any CPU
		{EFF0568B-D981-45AF-AC20-02CC67DFC920}.Release|x64.ActiveCfg = Release|Any CPU
		{EFF0568B-D981-45AF-AC20-02CC67DFC920}.Release|x64.Build.0 = Release|Any CPU
		{EFF0568B-D981-45AF-AC20-02CC67DFC920}.Release|x86.ActiveCfg = Release|Any CPU
		{EFF0568B-D981-45AF-AC20-02CC67DFC920}.Release|x86.Build.0 = Release|Any CPU
		{EEE48599-6707-4F1E-846B-F18FAF072780}.Debug|Any CPU.ActiveCfg = Debug|Any CPU
		{EEE48599-6707-4F1E-846B-F18FAF072780}.Debug|Any CPU.Build.0 = Debug|Any CPU
		{EEE48599-6707-4F1E-846B-F18FAF072780}.Debug|x64.ActiveCfg = Debug|Any CPU
		{EEE48599-6707-4F1E-846B-F18FAF072780}.Debug|x64.Build.0 = Debug|Any CPU
		{EEE48599-6707-4F1E-846B-F18FAF072780}.Debug|x86.ActiveCfg = Debug|Any CPU
		{EEE48599-6707-4F1E-846B-F18FAF072780}.Debug|x86.Build.0 = Debug|Any CPU
		{EEE48599-6707-4F1E-846B-F18FAF072780}.Release|Any CPU.ActiveCfg = Release|Any CPU
		{EEE48599-6707-4F1E-846B-F18FAF072780}.Release|Any CPU.Build.0 = Release|Any CPU
		{EEE48599-6707-4F1E-846B-F18FAF072780}.Release|x64.ActiveCfg = Release|Any CPU
		{EEE48599-6707-4F1E-846B-F18FAF072780}.Release|x64.Build.0 = Release|Any CPU
		{EEE48599-6707-4F1E-846B-F18FAF072780}.Release|x86.ActiveCfg = Release|Any CPU
		{EEE48599-6707-4F1E-846B-F18FAF072780}.Release|x86.Build.0 = Release|Any CPU
		{AEEB907B-E560-45F1-9C9E-508BA657A337}.Debug|Any CPU.ActiveCfg = Debug|Any CPU
		{AEEB907B-E560-45F1-9C9E-508BA657A337}.Debug|Any CPU.Build.0 = Debug|Any CPU
		{AEEB907B-E560-45F1-9C9E-508BA657A337}.Debug|x64.ActiveCfg = Debug|Any CPU
		{AEEB907B-E560-45F1-9C9E-508BA657A337}.Debug|x64.Build.0 = Debug|Any CPU
		{AEEB907B-E560-45F1-9C9E-508BA657A337}.Debug|x86.ActiveCfg = Debug|Any CPU
		{AEEB907B-E560-45F1-9C9E-508BA657A337}.Debug|x86.Build.0 = Debug|Any CPU
		{AEEB907B-E560-45F1-9C9E-508BA657A337}.Release|Any CPU.ActiveCfg = Release|Any CPU
		{AEEB907B-E560-45F1-9C9E-508BA657A337}.Release|Any CPU.Build.0 = Release|Any CPU
		{AEEB907B-E560-45F1-9C9E-508BA657A337}.Release|x64.ActiveCfg = Release|Any CPU
		{AEEB907B-E560-45F1-9C9E-508BA657A337}.Release|x64.Build.0 = Release|Any CPU
		{AEEB907B-E560-45F1-9C9E-508BA657A337}.Release|x86.ActiveCfg = Release|Any CPU
		{AEEB907B-E560-45F1-9C9E-508BA657A337}.Release|x86.Build.0 = Release|Any CPU
		{9358A04C-E7D8-4475-8BAF-29DB9171EE5E}.Debug|Any CPU.ActiveCfg = Debug|Any CPU
		{9358A04C-E7D8-4475-8BAF-29DB9171EE5E}.Debug|Any CPU.Build.0 = Debug|Any CPU
		{9358A04C-E7D8-4475-8BAF-29DB9171EE5E}.Debug|x64.ActiveCfg = Debug|Any CPU
		{9358A04C-E7D8-4475-8BAF-29DB9171EE5E}.Debug|x64.Build.0 = Debug|Any CPU
		{9358A04C-E7D8-4475-8BAF-29DB9171EE5E}.Debug|x86.ActiveCfg = Debug|Any CPU
		{9358A04C-E7D8-4475-8BAF-29DB9171EE5E}.Debug|x86.Build.0 = Debug|Any CPU
		{9358A04C-E7D8-4475-8BAF-29DB9171EE5E}.Release|Any CPU.ActiveCfg = Release|Any CPU
		{9358A04C-E7D8-4475-8BAF-29DB9171EE5E}.Release|Any CPU.Build.0 = Release|Any CPU
		{9358A04C-E7D8-4475-8BAF-29DB9171EE5E}.Release|x64.ActiveCfg = Release|Any CPU
		{9358A04C-E7D8-4475-8BAF-29DB9171EE5E}.Release|x64.Build.0 = Release|Any CPU
		{9358A04C-E7D8-4475-8BAF-29DB9171EE5E}.Release|x86.ActiveCfg = Release|Any CPU
		{9358A04C-E7D8-4475-8BAF-29DB9171EE5E}.Release|x86.Build.0 = Release|Any CPU
	EndGlobalSection
	GlobalSection(SolutionProperties) = preSolution
		HideSolutionNode = FALSE
	EndGlobalSection
	GlobalSection(NestedProjects) = preSolution
		{5819FD5D-D8F3-4BC1-BFCE-C996357D6635} = {827E0CD3-B72D-47B6-A68D-7590B98EB39B}
		{4294BAAC-679D-4C1C-8B56-698446B69BB0} = {827E0CD3-B72D-47B6-A68D-7590B98EB39B}
		{BCC12D75-BE7D-442D-AF0E-930C0802B1D1} = {827E0CD3-B72D-47B6-A68D-7590B98EB39B}
		{3690BE7F-D813-4AE6-8D30-4F0013BA041A} = {827E0CD3-B72D-47B6-A68D-7590B98EB39B}
		{EFF0568B-D981-45AF-AC20-02CC67DFC920} = {827E0CD3-B72D-47B6-A68D-7590B98EB39B}
		{EEE48599-6707-4F1E-846B-F18FAF072780} = {827E0CD3-B72D-47B6-A68D-7590B98EB39B}
		{AEEB907B-E560-45F1-9C9E-508BA657A337} = {0AB3BF05-4346-4AA6-1389-037BE0695223}
		{9358A04C-E7D8-4475-8BAF-29DB9171EE5E} = {0AB3BF05-4346-4AA6-1389-037BE0695223}
	EndGlobalSection
EndGlobal
